
Microsoft Visual Studio Solution File, Format Version 12.00
# Visual Studio Version 17
VisualStudioVersion = 17.7.34221.43
MinimumVisualStudioVersion = 10.0.40219.1
Project("{FAE04EC0-301F-11D3-BF4B-00C04F79EFBC}") = "quest17.1", "quest17.1\quest17.1.csproj", "{74EB9FBC-BF71-4EBD-9859-1C4683715F86}"
EndProject
Project("{FAE04EC0-301F-11D3-BF4B-00C04F79EFBC}") = "quest17.2", "quest17.2\quest17.2.csproj", "{8B6C8604-EA02-4347-BC1C-FD6662D560F4}"
EndProject
Project("{FAE04EC0-301F-11D3-BF4B-00C04F79EFBC}") = "quest17.3", "quest17.3\quest17.3.csproj", "{C76C84ED-BD66-49DB-B50E-1A6F22DD8418}"
EndProject
Global
	GlobalSection(SolutionConfigurationPlatforms) = preSolution
		Debug|Any CPU = Debug|Any CPU
		Release|Any CPU = Release|Any CPU
	EndGlobalSection
	GlobalSection(ProjectConfigurationPlatforms) = postSolution
		{74EB9FBC-BF71-4EBD-9859-1C4683715F86}.Debug|Any CPU.ActiveCfg = Debug|Any CPU
		{74EB9FBC-BF71-4EBD-9859-1C4683715F86}.Debug|Any CPU.Build.0 = Debug|Any CPU
		{74EB9FBC-BF71-4EBD-9859-1C4683715F86}.Release|Any CPU.ActiveCfg = Release|Any CPU
		{74EB9FBC-BF71-4EBD-9859-1C4683715F86}.Release|Any CPU.Build.0 = Release|Any CPU
		{8B6C8604-EA02-4347-BC1C-FD6662D560F4}.Debug|Any CPU.ActiveCfg = Debug|Any CPU
		{8B6C8604-EA02-4347-BC1C-FD6662D560F4}.Debug|Any CPU.Build.0 = Debug|Any CPU
		{8B6C8604-EA02-4347-BC1C-FD6662D560F4}.Release|Any CPU.ActiveCfg = Release|Any CPU
		{8B6C8604-EA02-4347-BC1C-FD6662D560F4}.Release|Any CPU.Build.0 = Release|Any CPU
		{C76C84ED-BD66-49DB-B50E-1A6F22DD8418}.Debug|Any CPU.ActiveCfg = Debug|Any CPU
		{C76C84ED-BD66-49DB-B50E-1A6F22DD8418}.Debug|Any CPU.Build.0 = Debug|Any CPU
		{C76C84ED-BD66-49DB-B50E-1A6F22DD8418}.Release|Any CPU.ActiveCfg = Release|Any CPU
		{C76C84ED-BD66-49DB-B50E-1A6F22DD8418}.Release|Any CPU.Build.0 = Release|Any CPU
	EndGlobalSection
	GlobalSection(SolutionProperties) = preSolution
		HideSolutionNode = FALSE
	EndGlobalSection
	GlobalSection(ExtensibilityGlobals) = postSolution
		SolutionGuid = {73C73338-E03C-4B9B-9A78-5B036C819115}
	EndGlobalSection
EndGlobal
